
Microsoft Visual Studio Solution File, Format Version 12.00
# Visual Studio Version 16
VisualStudioVersion = 16.0.28729.10
MinimumVisualStudioVersion = 10.0.40219.1
Project("{8BC9CEB8-8B4A-11D0-8D11-00A0C91BC942}") = "schoolwork1", "schoolwork1\schoolwork1.vcxproj", "{31CE3C1C-D47F-4E51-9501-62F29824C673}"
EndProject
Global
	GlobalSection(SolutionConfigurationPlatforms) = preSolution
		Debug|x64 = Debug|x64
		Debug|x86 = Debug|x86
		Release|x64 = Release|x64
		Release|x86 = Release|x86
	EndGlobalSection
	GlobalSection(ProjectConfigurationPlatforms) = postSolution
		{31CE3C1C-D47F-4E51-9501-62F29824C673}.Debug|x64.ActiveCfg = Debug|x64
		{31CE3C1C-D47F-4E51-9501-62F29824C673}.Debug|x64.Build.0 = Debug|x64
		{31CE3C1C-D47F-4E51-9501-62F29824C673}.Debug|x86.ActiveCfg = Debug|Win32
		{31CE3C1C-D47F-4E51-9501-62F29824C673}.Debug|x86.Build.0 = Debug|Win32
		{31CE3C1C-D47F-4E51-9501-62F29824C673}.Release|x64.ActiveCfg = Release|x64
		{31CE3C1C-D47F-4E51-9501-62F29824C673}.Release|x64.Build.0 = Release|x64
		{31CE3C1C-D47F-4E51-9501-62F29824C673}.Release|x86.ActiveCfg = Release|Win32
		{31CE3C1C-D47F-4E51-9501-62F29824C673}.Release|x86.Build.0 = Release|Win32
	EndGlobalSection
	GlobalSection(SolutionProperties) = preSolution
		HideSolutionNode = FALSE
	EndGlobalSection
	GlobalSection(ExtensibilityGlobals) = postSolution
		SolutionGuid = {4F3A9420-D575-4D0C-ACDC-DFE9DD2B27B3}
	EndGlobalSection
EndGlobal
